// !$*UTF8*$!
{
	archiveVersion = 1;
	classes = {
	};
	objectVersion = 56;
	objects = {

/* Begin PBXBuildFile section */
		96729BFD2B95F56700568202 /* taskproApp.swift in Sources */ = {isa = PBXBuildFile; fileRef = 96729BFC2B95F56700568202 /* taskproApp.swift */; };
		96729BFF2B95F56700568202 /* ContentView.swift in Sources */ = {isa = PBXBuildFile; fileRef = 96729BFE2B95F56700568202 /* ContentView.swift */; };
		96729C012B95F56700568202 /* Item.swift in Sources */ = {isa = PBXBuildFile; fileRef = 96729C002B95F56700568202 /* Item.swift */; };
		96729C032B95F56800568202 /* Assets.xcassets in Resources */ = {isa = PBXBuildFile; fileRef = 96729C022B95F56800568202 /* Assets.xcassets */; };
		96729C072B95F56800568202 /* Preview Assets.xcassets in Resources */ = {isa = PBXBuildFile; fileRef = 96729C062B95F56800568202 /* Preview Assets.xcassets */; };
		96729C0F2B9638D700568202 /* HeaderTitle.swift in Sources */ = {isa = PBXBuildFile; fileRef = 96729C0E2B9638D700568202 /* HeaderTitle.swift */; };
		96729C122B96391D00568202 /* WeekDayDateView.swift in Sources */ = {isa = PBXBuildFile; fileRef = 96729C112B96391D00568202 /* WeekDayDateView.swift */; };
		96729C142B96395400568202 /* WeekDayTextView.swift in Sources */ = {isa = PBXBuildFile; fileRef = 96729C132B96395400568202 /* WeekDayTextView.swift */; };
		96729C162B96397D00568202 /* Calendar.swift in Sources */ = {isa = PBXBuildFile; fileRef = 96729C152B96397D00568202 /* Calendar.swift */; };
		96729C182B96762F00568202 /* ScrollDayOfWeek.swift in Sources */ = {isa = PBXBuildFile; fileRef = 96729C172B96762F00568202 /* ScrollDayOfWeek.swift */; };
		96729C1A2B96776C00568202 /* TaskScreen.swift in Sources */ = {isa = PBXBuildFile; fileRef = 96729C192B96776C00568202 /* TaskScreen.swift */; };
		96729C1D2B9677B200568202 /* TaskView.swift in Sources */ = {isa = PBXBuildFile; fileRef = 96729C1C2B9677B200568202 /* TaskView.swift */; };
		96729C1F2B96787400568202 /* DragTaskView.swift in Sources */ = {isa = PBXBuildFile; fileRef = 96729C1E2B96787400568202 /* DragTaskView.swift */; };
		96729C212B9678D400568202 /* DayLabel.swift in Sources */ = {isa = PBXBuildFile; fileRef = 96729C202B9678D400568202 /* DayLabel.swift */; };
		96729C242B967BA900568202 /* TaskViewModel.swift in Sources */ = {isa = PBXBuildFile; fileRef = 96729C232B967BA900568202 /* TaskViewModel.swift */; };
		96729C282B96D06900568202 /* DayViewModel.swift in Sources */ = {isa = PBXBuildFile; fileRef = 96729C272B96D06900568202 /* DayViewModel.swift */; };
		96729C2B2B96D09700568202 /* DayModel.swift in Sources */ = {isa = PBXBuildFile; fileRef = 96729C2A2B96D09700568202 /* DayModel.swift */; };
		96729C2D2B96D0B600568202 /* TaskModel.swift in Sources */ = {isa = PBXBuildFile; fileRef = 96729C2C2B96D0B600568202 /* TaskModel.swift */; };
		96942F0C2B97E6470074D6F3 /* HeaderDashboard.swift in Sources */ = {isa = PBXBuildFile; fileRef = 96942F0B2B97E6470074D6F3 /* HeaderDashboard.swift */; };
/* End PBXBuildFile section */

/* Begin PBXFileReference section */
		96729BF92B95F56700568202 /* taskpro.app */ = {isa = PBXFileReference; explicitFileType = wrapper.application; includeInIndex = 0; path = taskpro.app; sourceTree = BUILT_PRODUCTS_DIR; };
		96729BFC2B95F56700568202 /* taskproApp.swift */ = {isa = PBXFileReference; lastKnownFileType = sourcecode.swift; path = taskproApp.swift; sourceTree = "<group>"; };
		96729BFE2B95F56700568202 /* ContentView.swift */ = {isa = PBXFileReference; lastKnownFileType = sourcecode.swift; path = ContentView.swift; sourceTree = "<group>"; };
		96729C002B95F56700568202 /* Item.swift */ = {isa = PBXFileReference; lastKnownFileType = sourcecode.swift; path = Item.swift; sourceTree = "<group>"; };
		96729C022B95F56800568202 /* Assets.xcassets */ = {isa = PBXFileReference; lastKnownFileType = folder.assetcatalog; path = Assets.xcassets; sourceTree = "<group>"; };
		96729C042B95F56800568202 /* taskpro.entitlements */ = {isa = PBXFileReference; lastKnownFileType = text.plist.entitlements; path = taskpro.entitlements; sourceTree = "<group>"; };
		96729C062B95F56800568202 /* Preview Assets.xcassets */ = {isa = PBXFileReference; lastKnownFileType = folder.assetcatalog; path = "Preview Assets.xcassets"; sourceTree = "<group>"; };
		96729C0E2B9638D700568202 /* HeaderTitle.swift */ = {isa = PBXFileReference; lastKnownFileType = sourcecode.swift; path = HeaderTitle.swift; sourceTree = "<group>"; };
		96729C112B96391D00568202 /* WeekDayDateView.swift */ = {isa = PBXFileReference; lastKnownFileType = sourcecode.swift; path = WeekDayDateView.swift; sourceTree = "<group>"; };
		96729C132B96395400568202 /* WeekDayTextView.swift */ = {isa = PBXFileReference; lastKnownFileType = sourcecode.swift; path = WeekDayTextView.swift; sourceTree = "<group>"; };
		96729C152B96397D00568202 /* Calendar.swift */ = {isa = PBXFileReference; lastKnownFileType = sourcecode.swift; path = Calendar.swift; sourceTree = "<group>"; };
		96729C172B96762F00568202 /* ScrollDayOfWeek.swift */ = {isa = PBXFileReference; lastKnownFileType = sourcecode.swift; path = ScrollDayOfWeek.swift; sourceTree = "<group>"; };
		96729C192B96776C00568202 /* TaskScreen.swift */ = {isa = PBXFileReference; lastKnownFileType = sourcecode.swift; path = TaskScreen.swift; sourceTree = "<group>"; };
		96729C1C2B9677B200568202 /* TaskView.swift */ = {isa = PBXFileReference; lastKnownFileType = sourcecode.swift; path = TaskView.swift; sourceTree = "<group>"; };
		96729C1E2B96787400568202 /* DragTaskView.swift */ = {isa = PBXFileReference; lastKnownFileType = sourcecode.swift; path = DragTaskView.swift; sourceTree = "<group>"; };
		96729C202B9678D400568202 /* DayLabel.swift */ = {isa = PBXFileReference; lastKnownFileType = sourcecode.swift; path = DayLabel.swift; sourceTree = "<group>"; };
		96729C232B967BA900568202 /* TaskViewModel.swift */ = {isa = PBXFileReference; lastKnownFileType = sourcecode.swift; path = TaskViewModel.swift; sourceTree = "<group>"; };
		96729C272B96D06900568202 /* DayViewModel.swift */ = {isa = PBXFileReference; lastKnownFileType = sourcecode.swift; path = DayViewModel.swift; sourceTree = "<group>"; };
		96729C2A2B96D09700568202 /* DayModel.swift */ = {isa = PBXFileReference; lastKnownFileType = sourcecode.swift; path = DayModel.swift; sourceTree = "<group>"; };
		96729C2C2B96D0B600568202 /* TaskModel.swift */ = {isa = PBXFileReference; lastKnownFileType = sourcecode.swift; path = TaskModel.swift; sourceTree = "<group>"; };
		96942F0B2B97E6470074D6F3 /* HeaderDashboard.swift */ = {isa = PBXFileReference; lastKnownFileType = sourcecode.swift; path = HeaderDashboard.swift; sourceTree = "<group>"; };
/* End PBXFileReference section */

/* Begin PBXFrameworksBuildPhase section */
		96729BF62B95F56700568202 /* Frameworks */ = {
			isa = PBXFrameworksBuildPhase;
			buildActionMask = 2147483647;
			files = (
			);
			runOnlyForDeploymentPostprocessing = 0;
		};
/* End PBXFrameworksBuildPhase section */

/* Begin PBXGroup section */
		96729BF02B95F56700568202 = {
			isa = PBXGroup;
			children = (
				96729BFB2B95F56700568202 /* taskpro */,
				96729BFA2B95F56700568202 /* Products */,
			);
			sourceTree = "<group>";
		};
		96729BFA2B95F56700568202 /* Products */ = {
			isa = PBXGroup;
			children = (
				96729BF92B95F56700568202 /* taskpro.app */,
			);
			name = Products;
			sourceTree = "<group>";
		};
		96729BFB2B95F56700568202 /* taskpro */ = {
			isa = PBXGroup;
			children = (
				96729C292B96D08800568202 /* Models */,
				96729C222B967B3900568202 /* ViewModels */,
				96729C1B2B96779600568202 /* Views */,
				96729C102B96390A00568202 /* Common */,
				96729C0D2B9638C600568202 /* Components */,
				96729BFC2B95F56700568202 /* taskproApp.swift */,
				96729C192B96776C00568202 /* TaskScreen.swift */,
				96729BFE2B95F56700568202 /* ContentView.swift */,
				96729C002B95F56700568202 /* Item.swift */,
				96729C022B95F56800568202 /* Assets.xcassets */,
				96729C042B95F56800568202 /* taskpro.entitlements */,
				96729C052B95F56800568202 /* Preview Content */,
			);
			path = taskpro;
			sourceTree = "<group>";
		};
		96729C052B95F56800568202 /* Preview Content */ = {
			isa = PBXGroup;
			children = (
				96729C062B95F56800568202 /* Preview Assets.xcassets */,
			);
			path = "Preview Content";
			sourceTree = "<group>";
		};
		96729C0D2B9638C600568202 /* Components */ = {
			isa = PBXGroup;
			children = (
				96729C0E2B9638D700568202 /* HeaderTitle.swift */,
			);
			path = Components;
			sourceTree = "<group>";
		};
		96729C102B96390A00568202 /* Common */ = {
			isa = PBXGroup;
			children = (
				96729C112B96391D00568202 /* WeekDayDateView.swift */,
				96729C132B96395400568202 /* WeekDayTextView.swift */,
				96729C152B96397D00568202 /* Calendar.swift */,
				96729C172B96762F00568202 /* ScrollDayOfWeek.swift */,
				96729C202B9678D400568202 /* DayLabel.swift */,
			);
			path = Common;
			sourceTree = "<group>";
		};
		96729C1B2B96779600568202 /* Views */ = {
			isa = PBXGroup;
			children = (
				96729C1C2B9677B200568202 /* TaskView.swift */,
				96729C1E2B96787400568202 /* DragTaskView.swift */,
				96942F0B2B97E6470074D6F3 /* HeaderDashboard.swift */,
			);
			path = Views;
			sourceTree = "<group>";
		};
		96729C222B967B3900568202 /* ViewModels */ = {
			isa = PBXGroup;
			children = (
				96729C232B967BA900568202 /* TaskViewModel.swift */,
				96729C272B96D06900568202 /* DayViewModel.swift */,
			);
			path = ViewModels;
			sourceTree = "<group>";
		};
		96729C292B96D08800568202 /* Models */ = {
			isa = PBXGroup;
			children = (
				96729C2A2B96D09700568202 /* DayModel.swift */,
				96729C2C2B96D0B600568202 /* TaskModel.swift */,
			);
			path = Models;
			sourceTree = "<group>";
		};
/* End PBXGroup section */

/* Begin PBXNativeTarget section */
		96729BF82B95F56700568202 /* taskpro */ = {
			isa = PBXNativeTarget;
			buildConfigurationList = 96729C0A2B95F56800568202 /* Build configuration list for PBXNativeTarget "taskpro" */;
			buildPhases = (
				96729BF52B95F56700568202 /* Sources */,
				96729BF62B95F56700568202 /* Frameworks */,
				96729BF72B95F56700568202 /* Resources */,
			);
			buildRules = (
			);
			dependencies = (
			);
			name = taskpro;
			productName = taskpro;
			productReference = 96729BF92B95F56700568202 /* taskpro.app */;
			productType = "com.apple.product-type.application";
		};
/* End PBXNativeTarget section */

/* Begin PBXProject section */
		96729BF12B95F56700568202 /* Project object */ = {
			isa = PBXProject;
			attributes = {
				BuildIndependentTargetsInParallel = 1;
				LastSwiftUpdateCheck = 1520;
				LastUpgradeCheck = 1520;
				TargetAttributes = {
					96729BF82B95F56700568202 = {
						CreatedOnToolsVersion = 15.2;
					};
				};
			};
			buildConfigurationList = 96729BF42B95F56700568202 /* Build configuration list for PBXProject "taskpro" */;
			compatibilityVersion = "Xcode 14.0";
			developmentRegion = en;
			hasScannedForEncodings = 0;
			knownRegions = (
				en,
				Base,
			);
			mainGroup = 96729BF02B95F56700568202;
			productRefGroup = 96729BFA2B95F56700568202 /* Products */;
			projectDirPath = "";
			projectRoot = "";
			targets = (
				96729BF82B95F56700568202 /* taskpro */,
			);
		};
/* End PBXProject section */

/* Begin PBXResourcesBuildPhase section */
		96729BF72B95F56700568202 /* Resources */ = {
			isa = PBXResourcesBuildPhase;
			buildActionMask = 2147483647;
			files = (
				96729C072B95F56800568202 /* Preview Assets.xcassets in Resources */,
				96729C032B95F56800568202 /* Assets.xcassets in Resources */,
			);
			runOnlyForDeploymentPostprocessing = 0;
		};
/* End PBXResourcesBuildPhase section */

/* Begin PBXSourcesBuildPhase section */
		96729BF52B95F56700568202 /* Sources */ = {
			isa = PBXSourcesBuildPhase;
			buildActionMask = 2147483647;
			files = (
				96729C0F2B9638D700568202 /* HeaderTitle.swift in Sources */,
				96729BFF2B95F56700568202 /* ContentView.swift in Sources */,
				96729C012B95F56700568202 /* Item.swift in Sources */,
				96729C1D2B9677B200568202 /* TaskView.swift in Sources */,
				96729C122B96391D00568202 /* WeekDayDateView.swift in Sources */,
				96729C1A2B96776C00568202 /* TaskScreen.swift in Sources */,
				96729C2B2B96D09700568202 /* DayModel.swift in Sources */,
				96729C242B967BA900568202 /* TaskViewModel.swift in Sources */,
				96729C142B96395400568202 /* WeekDayTextView.swift in Sources */,
				96729C1F2B96787400568202 /* DragTaskView.swift in Sources */,
				96729BFD2B95F56700568202 /* taskproApp.swift in Sources */,
				96729C182B96762F00568202 /* ScrollDayOfWeek.swift in Sources */,
				96942F0C2B97E6470074D6F3 /* HeaderDashboard.swift in Sources */,
				96729C162B96397D00568202 /* Calendar.swift in Sources */,
				96729C212B9678D400568202 /* DayLabel.swift in Sources */,
				96729C2D2B96D0B600568202 /* TaskModel.swift in Sources */,
				96729C282B96D06900568202 /* DayViewModel.swift in Sources */,
			);
			runOnlyForDeploymentPostprocessing = 0;
		};
/* End PBXSourcesBuildPhase section */

/* Begin XCBuildConfiguration section */
		96729C082B95F56800568202 /* Debug */ = {
			isa = XCBuildConfiguration;
			buildSettings = {
				ALWAYS_SEARCH_USER_PATHS = NO;
				ASSETCATALOG_COMPILER_GENERATE_SWIFT_ASSET_SYMBOL_EXTENSIONS = YES;
				CLANG_ANALYZER_NONNULL = YES;
				CLANG_ANALYZER_NUMBER_OBJECT_CONVERSION = YES_AGGRESSIVE;
				CLANG_CXX_LANGUAGE_STANDARD = "gnu++20";
				CLANG_ENABLE_MODULES = YES;
				CLANG_ENABLE_OBJC_ARC = YES;
				CLANG_ENABLE_OBJC_WEAK = YES;
				CLANG_WARN_BLOCK_CAPTURE_AUTORELEASING = YES;
				CLANG_WARN_BOOL_CONVERSION = YES;
				CLANG_WARN_COMMA = YES;
				CLANG_WARN_CONSTANT_CONVERSION = YES;
				CLANG_WARN_DEPRECATED_OBJC_IMPLEMENTATIONS = YES;
				CLANG_WARN_DIRECT_OBJC_ISA_USAGE = YES_ERROR;
				CLANG_WARN_DOCUMENTATION_COMMENTS = YES;
				CLANG_WARN_EMPTY_BODY = YES;
				CLANG_WARN_ENUM_CONVERSION = YES;
				CLANG_WARN_INFINITE_RECURSION = YES;
				CLANG_WARN_INT_CONVERSION = YES;
				CLANG_WARN_NON_LITERAL_NULL_CONVERSION = YES;
				CLANG_WARN_OBJC_IMPLICIT_RETAIN_SELF = YES;
				CLANG_WARN_OBJC_LITERAL_CONVERSION = YES;
				CLANG_WARN_OBJC_ROOT_CLASS = YES_ERROR;
				CLANG_WARN_QUOTED_INCLUDE_IN_FRAMEWORK_HEADER = YES;
				CLANG_WARN_RANGE_LOOP_ANALYSIS = YES;
				CLANG_WARN_STRICT_PROTOTYPES = YES;
				CLANG_WARN_SUSPICIOUS_MOVE = YES;
				CLANG_WARN_UNGUARDED_AVAILABILITY = YES_AGGRESSIVE;
				CLANG_WARN_UNREACHABLE_CODE = YES;
				CLANG_WARN__DUPLICATE_METHOD_MATCH = YES;
				COPY_PHASE_STRIP = NO;
				DEBUG_INFORMATION_FORMAT = dwarf;
				ENABLE_STRICT_OBJC_MSGSEND = YES;
				ENABLE_TESTABILITY = YES;
				ENABLE_USER_SCRIPT_SANDBOXING = YES;
				GCC_C_LANGUAGE_STANDARD = gnu17;
				GCC_DYNAMIC_NO_PIC = NO;
				GCC_NO_COMMON_BLOCKS = YES;
				GCC_OPTIMIZATION_LEVEL = 0;
				GCC_PREPROCESSOR_DEFINITIONS = (
					"DEBUG=1",
					"$(inherited)",
				);
				GCC_WARN_64_TO_32_BIT_CONVERSION = YES;
				GCC_WARN_ABOUT_RETURN_TYPE = YES_ERROR;
				GCC_WARN_UNDECLARED_SELECTOR = YES;
				GCC_WARN_UNINITIALIZED_AUTOS = YES_AGGRESSIVE;
				GCC_WARN_UNUSED_FUNCTION = YES;
				GCC_WARN_UNUSED_VARIABLE = YES;
				LOCALIZATION_PREFERS_STRING_CATALOGS = YES;
				MTL_ENABLE_DEBUG_INFO = INCLUDE_SOURCE;
				MTL_FAST_MATH = YES;
				ONLY_ACTIVE_ARCH = YES;
				SWIFT_ACTIVE_COMPILATION_CONDITIONS = "DEBUG $(inherited)";
				SWIFT_OPTIMIZATION_LEVEL = "-Onone";
			};
			name = Debug;
		};
		96729C092B95F56800568202 /* Release */ = {
			isa = XCBuildConfiguration;
			buildSettings = {
				ALWAYS_SEARCH_USER_PATHS = NO;
				ASSETCATALOG_COMPILER_GENERATE_SWIFT_ASSET_SYMBOL_EXTENSIONS = YES;
				CLANG_ANALYZER_NONNULL = YES;
				CLANG_ANALYZER_NUMBER_OBJECT_CONVERSION = YES_AGGRESSIVE;
				CLANG_CXX_LANGUAGE_STANDARD = "gnu++20";
				CLANG_ENABLE_MODULES = YES;
				CLANG_ENABLE_OBJC_ARC = YES;
				CLANG_ENABLE_OBJC_WEAK = YES;
				CLANG_WARN_BLOCK_CAPTURE_AUTORELEASING = YES;
				CLANG_WARN_BOOL_CONVERSION = YES;
				CLANG_WARN_COMMA = YES;
				CLANG_WARN_CONSTANT_CONVERSION = YES;
				CLANG_WARN_DEPRECATED_OBJC_IMPLEMENTATIONS = YES;
				CLANG_WARN_DIRECT_OBJC_ISA_USAGE = YES_ERROR;
				CLANG_WARN_DOCUMENTATION_COMMENTS = YES;
				CLANG_WARN_EMPTY_BODY = YES;
				CLANG_WARN_ENUM_CONVERSION = YES;
				CLANG_WARN_INFINITE_RECURSION = YES;
				CLANG_WARN_INT_CONVERSION = YES;
				CLANG_WARN_NON_LITERAL_NULL_CONVERSION = YES;
				CLANG_WARN_OBJC_IMPLICIT_RETAIN_SELF = YES;
				CLANG_WARN_OBJC_LITERAL_CONVERSION = YES;
				CLANG_WARN_OBJC_ROOT_CLASS = YES_ERROR;
				CLANG_WARN_QUOTED_INCLUDE_IN_FRAMEWORK_HEADER = YES;
				CLANG_WARN_RANGE_LOOP_ANALYSIS = YES;
				CLANG_WARN_STRICT_PROTOTYPES = YES;
				CLANG_WARN_SUSPICIOUS_MOVE = YES;
				CLANG_WARN_UNGUARDED_AVAILABILITY = YES_AGGRESSIVE;
				CLANG_WARN_UNREACHABLE_CODE = YES;
				CLANG_WARN__DUPLICATE_METHOD_MATCH = YES;
				COPY_PHASE_STRIP = NO;
				DEBUG_INFORMATION_FORMAT = "dwarf-with-dsym";
				ENABLE_NS_ASSERTIONS = NO;
				ENABLE_STRICT_OBJC_MSGSEND = YES;
				ENABLE_USER_SCRIPT_SANDBOXING = YES;
				GCC_C_LANGUAGE_STANDARD = gnu17;
				GCC_NO_COMMON_BLOCKS = YES;
				GCC_WARN_64_TO_32_BIT_CONVERSION = YES;
				GCC_WARN_ABOUT_RETURN_TYPE = YES_ERROR;
				GCC_WARN_UNDECLARED_SELECTOR = YES;
				GCC_WARN_UNINITIALIZED_AUTOS = YES_AGGRESSIVE;
				GCC_WARN_UNUSED_FUNCTION = YES;
				GCC_WARN_UNUSED_VARIABLE = YES;
				LOCALIZATION_PREFERS_STRING_CATALOGS = YES;
				MTL_ENABLE_DEBUG_INFO = NO;
				MTL_FAST_MATH = YES;
				SWIFT_COMPILATION_MODE = wholemodule;
			};
			name = Release;
		};
		96729C0B2B95F56800568202 /* Debug */ = {
			isa = XCBuildConfiguration;
			buildSettings = {
				ASSETCATALOG_COMPILER_APPICON_NAME = AppIcon;
				ASSETCATALOG_COMPILER_GLOBAL_ACCENT_COLOR_NAME = AccentColor;
				CODE_SIGN_ENTITLEMENTS = taskpro/taskpro.entitlements;
				CODE_SIGN_STYLE = Automatic;
				CURRENT_PROJECT_VERSION = 1;
				DEVELOPMENT_ASSET_PATHS = "\"taskpro/Preview Content\"";
				ENABLE_PREVIEWS = YES;
				GENERATE_INFOPLIST_FILE = YES;
				"INFOPLIST_KEY_UIApplicationSceneManifest_Generation[sdk=iphoneos*]" = YES;
				"INFOPLIST_KEY_UIApplicationSceneManifest_Generation[sdk=iphonesimulator*]" = YES;
				"INFOPLIST_KEY_UIApplicationSupportsIndirectInputEvents[sdk=iphoneos*]" = YES;
				"INFOPLIST_KEY_UIApplicationSupportsIndirectInputEvents[sdk=iphonesimulator*]" = YES;
				"INFOPLIST_KEY_UILaunchScreen_Generation[sdk=iphoneos*]" = YES;
				"INFOPLIST_KEY_UILaunchScreen_Generation[sdk=iphonesimulator*]" = YES;
				"INFOPLIST_KEY_UIStatusBarStyle[sdk=iphoneos*]" = UIStatusBarStyleDefault;
				"INFOPLIST_KEY_UIStatusBarStyle[sdk=iphonesimulator*]" = UIStatusBarStyleDefault;
				INFOPLIST_KEY_UISupportedInterfaceOrientations_iPad = "UIInterfaceOrientationPortrait UIInterfaceOrientationPortraitUpsideDown UIInterfaceOrientationLandscapeLeft UIInterfaceOrientationLandscapeRight";
				INFOPLIST_KEY_UISupportedInterfaceOrientations_iPhone = "UIInterfaceOrientationPortrait UIInterfaceOrientationLandscapeLeft UIInterfaceOrientationLandscapeRight";
				IPHONEOS_DEPLOYMENT_TARGET = 17.2;
				LD_RUNPATH_SEARCH_PATHS = "@executable_path/Frameworks";
				"LD_RUNPATH_SEARCH_PATHS[sdk=macosx*]" = "@executable_path/../Frameworks";
				MACOSX_DEPLOYMENT_TARGET = 14.0;
				MARKETING_VERSION = 1.0;
				PRODUCT_BUNDLE_IDENTIFIER = com.taskproapp.taskpro;
				PRODUCT_NAME = "$(TARGET_NAME)";
				SDKROOT = auto;
				SUPPORTED_PLATFORMS = "iphoneos iphonesimulator macosx";
				SWIFT_EMIT_LOC_STRINGS = YES;
				SWIFT_VERSION = 5.0;
				TARGETED_DEVICE_FAMILY = "1,2";
			};
			name = Debug;
		};
		96729C0C2B95F56800568202 /* Release */ = {
			isa = XCBuildConfiguration;
			buildSettings = {
				ASSETCATALOG_COMPILER_APPICON_NAME = AppIcon;
				ASSETCATALOG_COMPILER_GLOBAL_ACCENT_COLOR_NAME = AccentColor;
				CODE_SIGN_ENTITLEMENTS = taskpro/taskpro.entitlements;
				CODE_SIGN_STYLE = Automatic;
				CURRENT_PROJECT_VERSION = 1;
				DEVELOPMENT_ASSET_PATHS = "\"taskpro/Preview Content\"";
				ENABLE_PREVIEWS = YES;
				GENERATE_INFOPLIST_FILE = YES;
				"INFOPLIST_KEY_UIApplicationSceneManifest_Generation[sdk=iphoneos*]" = YES;
				"INFOPLIST_KEY_UIApplicationSceneManifest_Generation[sdk=iphonesimulator*]" = YES;
				"INFOPLIST_KEY_UIApplicationSupportsIndirectInputEvents[sdk=iphoneos*]" = YES;
				"INFOPLIST_KEY_UIApplicationSupportsIndirectInputEvents[sdk=iphonesimulator*]" = YES;
				"INFOPLIST_KEY_UILaunchScreen_Generation[sdk=iphoneos*]" = YES;
				"INFOPLIST_KEY_UILaunchScreen_Generation[sdk=iphonesimulator*]" = YES;
				"INFOPLIST_KEY_UIStatusBarStyle[sdk=iphoneos*]" = UIStatusBarStyleDefault;
				"INFOPLIST_KEY_UIStatusBarStyle[sdk=iphonesimulator*]" = UIStatusBarStyleDefault;
				INFOPLIST_KEY_UISupportedInterfaceOrientations_iPad = "UIInterfaceOrientationPortrait UIInterfaceOrientationPortraitUpsideDown UIInterfaceOrientationLandscapeLeft UIInterfaceOrientationLandscapeRight";
				INFOPLIST_KEY_UISupportedInterfaceOrientations_iPhone = "UIInterfaceOrientationPortrait UIInterfaceOrientationLandscapeLeft UIInterfaceOrientationLandscapeRight";
				IPHONEOS_DEPLOYMENT_TARGET = 17.2;
				LD_RUNPATH_SEARCH_PATHS = "@executable_path/Frameworks";
				"LD_RUNPATH_SEARCH_PATHS[sdk=macosx*]" = "@executable_path/../Frameworks";
				MACOSX_DEPLOYMENT_TARGET = 14.0;
				MARKETING_VERSION = 1.0;
				PRODUCT_BUNDLE_IDENTIFIER = com.taskproapp.taskpro;
				PRODUCT_NAME = "$(TARGET_NAME)";
				SDKROOT = auto;
				SUPPORTED_PLATFORMS = "iphoneos iphonesimulator macosx";
				SWIFT_EMIT_LOC_STRINGS = YES;
				SWIFT_VERSION = 5.0;
				TARGETED_DEVICE_FAMILY = "1,2";
			};
			name = Release;
		};
/* End XCBuildConfiguration section */

/* Begin XCConfigurationList section */
		96729BF42B95F56700568202 /* Build configuration list for PBXProject "taskpro" */ = {
			isa = XCConfigurationList;
			buildConfigurations = (
				96729C082B95F56800568202 /* Debug */,
				96729C092B95F56800568202 /* Release */,
			);
			defaultConfigurationIsVisible = 0;
			defaultConfigurationName = Release;
		};
		96729C0A2B95F56800568202 /* Build configuration list for PBXNativeTarget "taskpro" */ = {
			isa = XCConfigurationList;
			buildConfigurations = (
				96729C0B2B95F56800568202 /* Debug */,
				96729C0C2B95F56800568202 /* Release */,
			);
			defaultConfigurationIsVisible = 0;
			defaultConfigurationName = Release;
		};
/* End XCConfigurationList section */
	};
	rootObject = 96729BF12B95F56700568202 /* Project object */;
}
